
Microsoft Visual Studio Solution File, Format Version 12.00
Project("{FAE04EC0-301F-11D3-BF4B-00C04F79EFBC}") = "ProjForum.Identity.Api", "src\ProjForum.Identity.Api\ProjForum.Identity.Api.csproj", "{C2D7BBF0-227C-433F-9B75-DBFBF3BF3E72}"
EndProject
Project("{2150E333-8FDC-42A3-9474-1A3956D46DE8}") = "src", "src", "{49E94096-D237-40F5-A4BE-0045722880F5}"
EndProject
Project("{FAE04EC0-301F-11D3-BF4B-00C04F79EFBC}") = "ProjForum.Identity.Infrastructure", "src\ProjForum.Identity.Infrastructure\ProjForum.Identity.Infrastructure.csproj", "{274EF8CA-100E-437D-BDB6-1A3C6C7FA461}"
EndProject
Project("{FAE04EC0-301F-11D3-BF4B-00C04F79EFBC}") = "ProjForum.Identity.Domain", "src\ProjForum.Identity.Domain\ProjForum.Identity.Domain.csproj", "{AB0965F0-F40B-46C1-B5BF-A352C596CD63}"
EndProject
Project("{FAE04EC0-301F-11D3-BF4B-00C04F79EFBC}") = "SharedModels", "..\SharedModels\SharedModels\SharedModels.csproj", "{DB3BD7BF-FF02-4969-9133-955CEB5DBE62}"
EndProject
Project("{FAE04EC0-301F-11D3-BF4B-00C04F79EFBC}") = "ProjForum.Identity.Application", "src\ProjForum.Identity.Application\ProjForum.Identity.Application.csproj", "{B474BC78-3127-44EF-A416-29F7979DCF48}"
EndProject
Project("{FAE04EC0-301F-11D3-BF4B-00C04F79EFBC}") = "ProjForum.BuildingBlocks", "..\BuildingBlocks\ProjForum.BuildingBlocks\ProjForum.BuildingBlocks.csproj", "{67F8EAAF-F9D3-48B8-81DE-A0563FBE0135}"
EndProject
Global
	GlobalSection(SolutionConfigurationPlatforms) = preSolution
		Debug|Any CPU = Debug|Any CPU
		Release|Any CPU = Release|Any CPU
	EndGlobalSection
	GlobalSection(ProjectConfigurationPlatforms) = postSolution
		{C2D7BBF0-227C-433F-9B75-DBFBF3BF3E72}.Debug|Any CPU.ActiveCfg = Debug|Any CPU
		{C2D7BBF0-227C-433F-9B75-DBFBF3BF3E72}.Debug|Any CPU.Build.0 = Debug|Any CPU
		{C2D7BBF0-227C-433F-9B75-DBFBF3BF3E72}.Release|Any CPU.ActiveCfg = Release|Any CPU
		{C2D7BBF0-227C-433F-9B75-DBFBF3BF3E72}.Release|Any CPU.Build.0 = Release|Any CPU
		{274EF8CA-100E-437D-BDB6-1A3C6C7FA461}.Debug|Any CPU.ActiveCfg = Debug|Any CPU
		{274EF8CA-100E-437D-BDB6-1A3C6C7FA461}.Debug|Any CPU.Build.0 = Debug|Any CPU
		{274EF8CA-100E-437D-BDB6-1A3C6C7FA461}.Release|Any CPU.ActiveCfg = Release|Any CPU
		{274EF8CA-100E-437D-BDB6-1A3C6C7FA461}.Release|Any CPU.Build.0 = Release|Any CPU
		{AB0965F0-F40B-46C1-B5BF-A352C596CD63}.Debug|Any CPU.ActiveCfg = Debug|Any CPU
		{AB0965F0-F40B-46C1-B5BF-A352C596CD63}.Debug|Any CPU.Build.0 = Debug|Any CPU
		{AB0965F0-F40B-46C1-B5BF-A352C596CD63}.Release|Any CPU.ActiveCfg = Release|Any CPU
		{AB0965F0-F40B-46C1-B5BF-A352C596CD63}.Release|Any CPU.Build.0 = Release|Any CPU
		{DB3BD7BF-FF02-4969-9133-955CEB5DBE62}.Debug|Any CPU.ActiveCfg = Debug|Any CPU
		{DB3BD7BF-FF02-4969-9133-955CEB5DBE62}.Debug|Any CPU.Build.0 = Debug|Any CPU
		{DB3BD7BF-FF02-4969-9133-955CEB5DBE62}.Release|Any CPU.ActiveCfg = Release|Any CPU
		{DB3BD7BF-FF02-4969-9133-955CEB5DBE62}.Release|Any CPU.Build.0 = Release|Any CPU
		{B474BC78-3127-44EF-A416-29F7979DCF48}.Debug|Any CPU.ActiveCfg = Debug|Any CPU
		{B474BC78-3127-44EF-A416-29F7979DCF48}.Debug|Any CPU.Build.0 = Debug|Any CPU
		{B474BC78-3127-44EF-A416-29F7979DCF48}.Release|Any CPU.ActiveCfg = Release|Any CPU
		{B474BC78-3127-44EF-A416-29F7979DCF48}.Release|Any CPU.Build.0 = Release|Any CPU
		{67F8EAAF-F9D3-48B8-81DE-A0563FBE0135}.Debug|Any CPU.ActiveCfg = Debug|Any CPU
		{67F8EAAF-F9D3-48B8-81DE-A0563FBE0135}.Debug|Any CPU.Build.0 = Debug|Any CPU
		{67F8EAAF-F9D3-48B8-81DE-A0563FBE0135}.Release|Any CPU.ActiveCfg = Release|Any CPU
		{67F8EAAF-F9D3-48B8-81DE-A0563FBE0135}.Release|Any CPU.Build.0 = Release|Any CPU
	EndGlobalSection
	GlobalSection(NestedProjects) = preSolution
		{C2D7BBF0-227C-433F-9B75-DBFBF3BF3E72} = {49E94096-D237-40F5-A4BE-0045722880F5}
		{274EF8CA-100E-437D-BDB6-1A3C6C7FA461} = {49E94096-D237-40F5-A4BE-0045722880F5}
		{AB0965F0-F40B-46C1-B5BF-A352C596CD63} = {49E94096-D237-40F5-A4BE-0045722880F5}
		{B474BC78-3127-44EF-A416-29F7979DCF48} = {49E94096-D237-40F5-A4BE-0045722880F5}
	EndGlobalSection
EndGlobal
